
Microsoft Visual Studio Solution File, Format Version 12.00
Project("{FAE04EC0-301F-11D3-BF4B-00C04F79EFBC}") = "RabbitCommon", "RabbitCommon\RabbitCommon.csproj", "{5ED0F164-0D30-44D5-9082-B06475E44297}"
EndProject
Global
	GlobalSection(SolutionConfigurationPlatforms) = preSolution
		Debug|Any CPU = Debug|Any CPU
		Release|Any CPU = Release|Any CPU
	EndGlobalSection
	GlobalSection(ProjectConfigurationPlatforms) = postSolution
		{5ED0F164-0D30-44D5-9082-B06475E44297}.Debug|Any CPU.ActiveCfg = Debug|Any CPU
		{5ED0F164-0D30-44D5-9082-B06475E44297}.Debug|Any CPU.Build.0 = Debug|Any CPU
		{5ED0F164-0D30-44D5-9082-B06475E44297}.Release|Any CPU.ActiveCfg = Release|Any CPU
		{5ED0F164-0D30-44D5-9082-B06475E44297}.Release|Any CPU.Build.0 = Release|Any CPU
	EndGlobalSection
EndGlobal
